5d25483158d53d8f34d0e9c06a654d56c8dca4ebdf370ea0982ef11315a00e0e  ort-wasm-simd-threaded.asyncify.mjs
503d17cb7411b79781b9fad1cf0978f03cf06b050c7d399c730e914f473bf549  ort-wasm-simd-threaded.asyncify.wasm
2d0bac4406b97d87c2ee2f279a0e6ad089567e62283d41e7e535a40e5c03d2f5  ort.webgpu.min.js
ebfa5de0256e98fcd4ece4546e054dea50b73ecf735ec836237fd45bcc5eab1f  pyodide/numpy-2.0.2-cp312-cp312-pyodide_2024_0_wasm32.whl
5dea298a10d557ef903d13e6522dd7e8696c187706bb477e1afdedc2a1d84d0a  pyodide/pillow-10.2.0-cp312-cp312-pyodide_2024_0_wasm32.whl
3a3cfb1c0bc02917a1792c1ecdf2b9b484ca406f5d03cb8af4083e97ec7d706a  pyodide/pyodide-lock.json
c5bc43242dbdd922b03fd9f9ca22480d37451238686e84cb38499143f81ec75b  pyodide/pyodide.asm.js
7936ef6019d80723adce4bd86666b84534d071362839f1cf9b2b80bed917c812  pyodide/pyodide.asm.wasm
ee1ce9d20fd7d5fc6df64f77751bf635e7a929665f2c33bfdaf84c175a525d52  pyodide/pyodide.js
7a4edf94cc3d937ba29078adb857d1646d9ce064ad93e795645d124e212eb5a1  pyodide/python_stdlib.zip
c02ae6ef5e7fff6dc9cec8b14b45e36e8894614f3ef006973e98f7568b590f3f  tf-backend-webgpu.min.js
300dfae273d20b4046f46a06d735688f03675a807561e9bcb5f664eb2f3d2831  tf.min.js
